github.com/tetratelabs/wazero v1.7.1 h1:QtSfd6KLc41DIMpDYlJdoMc6k7QTN246DM2+n2Y/Dx8=
github.com/tetratelabs/wazero v1.7.1/go.mod h1:ytl6Zuh20R/eROuyDaGPkp82O9C/DJfXAwJfQ3X6/7Y=
github.com/tetratelabs/wazero v1.9.0 h1:IcZ56OuxrtaEz8UYNRHBrUa9bYeX9oVY93KspZZBf/I=
github.com/tetratelabs/wazero v1.9.0/go.mod h1:TSbcXCfFP0L2FGkRPxHphadXPjo1T6W+CseNNY7EkjM=
github.com/wasilibs/go-protoc-gen-builtins v1.26.1 h1:OBitrHVlEDD4j/k9PLU+61GFnYlUE6vo+fosMzssP1k=
github.com/wasilibs/go-protoc-gen-builtins v1.26.1/go.mod h1:rKeiNH+6pzq6ljgp1tZKMLE0ZFFleOA+R74IIAzqbIc=
github.com/wasilibs/go-protoc-gen-builtins v1.32.0 h1:wRqoH2OGNqZoeZhTouKoCaQIxktabScsogALz//BLGE=
github.com/wasilibs/go-protoc-gen-builtins v1.32.0/go.mod h1:GvckZQaDfXcGpKdHd1XFn0VWty5GnHvilojW4S0tbYo=
github.com/wasilibs/wazero-helpers v0.0.0-20240604052452-61d7981e9a38 h1:RBu75fhabyxyGJ2zhkoNuRyObBMhVeMoXqmeaPTg2CQ=
github.com/wasilibs/wazero-helpers v0.0.0-20240604052452-61d7981e9a38/go.mod h1:Z80JvMwvze8KUlVQIdw9L7OSskZJ1yxlpi4AQhoQe4s=
